# Generated by buf. DO NOT EDIT.
version: v1
deps:
  - remote: buf.build
    owner: cometbft
    repository: cometbft
    commit: fedbb9acfd2f494b9755949cbb41dfca
    digest: shake256:c1881013cf98a4833923d74638c3623ac32890fa066eef961986b40e5e86d646fee02f05a5c7fabe596cc81f01108ffb1ae28db39db73a797e7f72e26c289628
  - remote: buf.build
    owner: cosmos
    repository: gogo-proto
    commit: 88ef6483f90f478fb938c37dde52ece3
    digest: shake256:89c45df2aa11e0cff97b0d695436713db3d993d76792e9f8dc1ae90e6ab9a9bec55503d48ceedd6b86069ab07d3041b32001b2bfe0227fa725dd515ff381e5ba
